
Microsoft Visual Studio Solution File, Format Version 12.00
# Visual Studio Version 16
VisualStudioVersion = 16.0.32602.291
MinimumVisualStudioVersion = 10.0.40219.1
Project("{FAE04EC0-301F-11D3-BF4B-00C04F79EFBC}") = "Zad1", "Masivi\Zad1.csproj", "{E1937487-502C-42B6-A270-0824C1954BF7}"
EndProject
Project("{FAE04EC0-301F-11D3-BF4B-00C04F79EFBC}") = "Zad2", "Zad2\Zad2.csproj", "{9135052E-8DBA-4BC4-9D8D-4EAF30802998}"
EndProject
Global
	GlobalSection(SolutionConfigurationPlatforms) = preSolution
		Debug|Any CPU = Debug|Any CPU
		Release|Any CPU = Release|Any CPU
	EndGlobalSection
	GlobalSection(ProjectConfigurationPlatforms) = postSolution
		{E1937487-502C-42B6-A270-0824C1954BF7}.Debug|Any CPU.ActiveCfg = Debug|Any CPU
		{E1937487-502C-42B6-A270-0824C1954BF7}.Debug|Any CPU.Build.0 = Debug|Any CPU
		{E1937487-502C-42B6-A270-0824C1954BF7}.Release|Any CPU.ActiveCfg = Release|Any CPU
		{E1937487-502C-42B6-A270-0824C1954BF7}.Release|Any CPU.Build.0 = Release|Any CPU
		{9135052E-8DBA-4BC4-9D8D-4EAF30802998}.Debug|Any CPU.ActiveCfg = Debug|Any CPU
		{9135052E-8DBA-4BC4-9D8D-4EAF30802998}.Debug|Any CPU.Build.0 = Debug|Any CPU
		{9135052E-8DBA-4BC4-9D8D-4EAF30802998}.Release|Any CPU.ActiveCfg = Release|Any CPU
		{9135052E-8DBA-4BC4-9D8D-4EAF30802998}.Release|Any CPU.Build.0 = Release|Any CPU
	EndGlobalSection
	GlobalSection(SolutionProperties) = preSolution
		HideSolutionNode = FALSE
	EndGlobalSection
	GlobalSection(ExtensibilityGlobals) = postSolution
		SolutionGuid = {6277DD59-7FFF-4209-A2B9-C94A87758968}
	EndGlobalSection
EndGlobal
